
Microsoft Visual Studio Solution File, Format Version 12.00
# Visual Studio Version 17
VisualStudioVersion = 17.9.34728.123
MinimumVisualStudioVersion = 10.0.40219.1
Project("{FAE04EC0-301F-11D3-BF4B-00C04F79EFBC}") = "ePizzaHub.Core", "ePizzaHub.Core\ePizzaHub.Core.csproj", "{58307001-5C42-41C0-8DFA-28373D1D3F33}"
EndProject
Project("{FAE04EC0-301F-11D3-BF4B-00C04F79EFBC}") = "ePizzaHub.Repositories", "ePizzaHub.Repositories\ePizzaHub.Repositories.csproj", "{3802D615-189B-464D-B7E8-8BD179AC1172}"
EndProject
Project("{FAE04EC0-301F-11D3-BF4B-00C04F79EFBC}") = "ePizzaHub.Services", "ePizzaHub.Services\ePizzaHub.Services.csproj", "{22BF6A4D-F3EB-4156-8894-AF6EFDE431DE}"
EndProject
Project("{FAE04EC0-301F-11D3-BF4B-00C04F79EFBC}") = "ePizzaHub.Models", "ePizzaHub.Models\ePizzaHub.Models.csproj", "{E3CCE39E-9B01-4A9B-8F38-3634B9679B5A}"
EndProject
Project("{FAE04EC0-301F-11D3-BF4B-00C04F79EFBC}") = "ePizzaHub.UI", "ePizzaHub.UI\ePizzaHub.UI.csproj", "{671C5FC8-CB66-441A-89E0-BCEE20D8FD93}"
EndProject
Global
	GlobalSection(SolutionConfigurationPlatforms) = preSolution
		Debug|Any CPU = Debug|Any CPU
		Release|Any CPU = Release|Any CPU
	EndGlobalSection
	GlobalSection(ProjectConfigurationPlatforms) = postSolution
		{58307001-5C42-41C0-8DFA-28373D1D3F33}.Debug|Any CPU.ActiveCfg = Debug|Any CPU
		{58307001-5C42-41C0-8DFA-28373D1D3F33}.Debug|Any CPU.Build.0 = Debug|Any CPU
		{58307001-5C42-41C0-8DFA-28373D1D3F33}.Release|Any CPU.ActiveCfg = Release|Any CPU
		{58307001-5C42-41C0-8DFA-28373D1D3F33}.Release|Any CPU.Build.0 = Release|Any CPU
		{3802D615-189B-464D-B7E8-8BD179AC1172}.Debug|Any CPU.ActiveCfg = Debug|Any CPU
		{3802D615-189B-464D-B7E8-8BD179AC1172}.Debug|Any CPU.Build.0 = Debug|Any CPU
		{3802D615-189B-464D-B7E8-8BD179AC1172}.Release|Any CPU.ActiveCfg = Release|Any CPU
		{3802D615-189B-464D-B7E8-8BD179AC1172}.Release|Any CPU.Build.0 = Release|Any CPU
		{22BF6A4D-F3EB-4156-8894-AF6EFDE431DE}.Debug|Any CPU.ActiveCfg = Debug|Any CPU
		{22BF6A4D-F3EB-4156-8894-AF6EFDE431DE}.Debug|Any CPU.Build.0 = Debug|Any CPU
		{22BF6A4D-F3EB-4156-8894-AF6EFDE431DE}.Release|Any CPU.ActiveCfg = Release|Any CPU
		{22BF6A4D-F3EB-4156-8894-AF6EFDE431DE}.Release|Any CPU.Build.0 = Release|Any CPU
		{E3CCE39E-9B01-4A9B-8F38-3634B9679B5A}.Debug|Any CPU.ActiveCfg = Debug|Any CPU
		{E3CCE39E-9B01-4A9B-8F38-3634B9679B5A}.Debug|Any CPU.Build.0 = Debug|Any CPU
		{E3CCE39E-9B01-4A9B-8F38-3634B9679B5A}.Release|Any CPU.ActiveCfg = Release|Any CPU
		{E3CCE39E-9B01-4A9B-8F38-3634B9679B5A}.Release|Any CPU.Build.0 = Release|Any CPU
		{671C5FC8-CB66-441A-89E0-BCEE20D8FD93}.Debug|Any CPU.ActiveCfg = Debug|Any CPU
		{671C5FC8-CB66-441A-89E0-BCEE20D8FD93}.Debug|Any CPU.Build.0 = Debug|Any CPU
		{671C5FC8-CB66-441A-89E0-BCEE20D8FD93}.Release|Any CPU.ActiveCfg = Release|Any CPU
		{671C5FC8-CB66-441A-89E0-BCEE20D8FD93}.Release|Any CPU.Build.0 = Release|Any CPU
	EndGlobalSection
	GlobalSection(SolutionProperties) = preSolution
		HideSolutionNode = FALSE
	EndGlobalSection
	GlobalSection(ExtensibilityGlobals) = postSolution
		SolutionGuid = {7797DEA3-C7F6-4F03-8E6F-0A74BB080ECB}
	EndGlobalSection
EndGlobal
